
Microsoft Visual Studio Solution File, Format Version 12.00
# Visual Studio Version 16
VisualStudioVersion = 16.0.31112.23
MinimumVisualStudioVersion = 10.0.40219.1
Project("{FAE04EC0-301F-11D3-BF4B-00C04F79EFBC}") = "PC_KAB_BATANG", "PC_KAB_BATANG\PC_KAB_BATANG.csproj", "{A7397FB2-8289-4F28-83AA-F3AA32127CB3}"
EndProject
Global
	GlobalSection(SolutionConfigurationPlatforms) = preSolution
		Debug|Any CPU = Debug|Any CPU
		Release|Any CPU = Release|Any CPU
	EndGlobalSection
	GlobalSection(ProjectConfigurationPlatforms) = postSolution
		{A7397FB2-8289-4F28-83AA-F3AA32127CB3}.Debug|Any CPU.ActiveCfg = Debug|Any CPU
		{A7397FB2-8289-4F28-83AA-F3AA32127CB3}.Debug|Any CPU.Build.0 = Debug|Any CPU
		{A7397FB2-8289-4F28-83AA-F3AA32127CB3}.Release|Any CPU.ActiveCfg = Release|Any CPU
		{A7397FB2-8289-4F28-83AA-F3AA32127CB3}.Release|Any CPU.Build.0 = Release|Any CPU
	EndGlobalSection
	GlobalSection(SolutionProperties) = preSolution
		HideSolutionNode = FALSE
	EndGlobalSection
	GlobalSection(ExtensibilityGlobals) = postSolution
		SolutionGuid = {AE5C8FE2-BDB6-4260-AE4F-B61EAB08FBE7}
	EndGlobalSection
EndGlobal
